
Microsoft Visual Studio Solution File, Format Version 12.00
# Visual Studio Version 16
VisualStudioVersion = 16.0.31702.278
MinimumVisualStudioVersion = 10.0.40219.1
Project("{FAE04EC0-301F-11D3-BF4B-00C04F79EFBC}") = "Exam01", "Exam01\Exam01.csproj", "{7A1E8DCB-13A1-4520-81BB-807F6F58EC70}"
EndProject
Project("{FAE04EC0-301F-11D3-BF4B-00C04F79EFBC}") = "ConsoleApp1", "ConsoleApp1\ConsoleApp1.csproj", "{590DC3DF-AC67-4BE4-B485-883520668295}"
EndProject
Project("{FAE04EC0-301F-11D3-BF4B-00C04F79EFBC}") = "Exam03", "Exam03\Exam03.csproj", "{03160789-2EEB-49C2-90F8-055CC786F6B5}"
EndProject
Project("{FAE04EC0-301F-11D3-BF4B-00C04F79EFBC}") = "Exam04", "Exam04\Exam04.csproj", "{8445350D-E00D-4B1A-8598-F36EC798B5BA}"
EndProject
Project("{FAE04EC0-301F-11D3-BF4B-00C04F79EFBC}") = "Exam05", "Exam05\Exam05.csproj", "{3E660B27-4C6B-4CA9-A6D9-A8ACB429C0FC}"
EndProject
Global
	GlobalSection(SolutionConfigurationPlatforms) = preSolution
		Debug|Any CPU = Debug|Any CPU
		Release|Any CPU = Release|Any CPU
	EndGlobalSection
	GlobalSection(ProjectConfigurationPlatforms) = postSolution
		{7A1E8DCB-13A1-4520-81BB-807F6F58EC70}.Debug|Any CPU.ActiveCfg = Debug|Any CPU
		{7A1E8DCB-13A1-4520-81BB-807F6F58EC70}.Debug|Any CPU.Build.0 = Debug|Any CPU
		{7A1E8DCB-13A1-4520-81BB-807F6F58EC70}.Release|Any CPU.ActiveCfg = Release|Any CPU
		{7A1E8DCB-13A1-4520-81BB-807F6F58EC70}.Release|Any CPU.Build.0 = Release|Any CPU
		{590DC3DF-AC67-4BE4-B485-883520668295}.Debug|Any CPU.ActiveCfg = Debug|Any CPU
		{590DC3DF-AC67-4BE4-B485-883520668295}.Debug|Any CPU.Build.0 = Debug|Any CPU
		{590DC3DF-AC67-4BE4-B485-883520668295}.Release|Any CPU.ActiveCfg = Release|Any CPU
		{590DC3DF-AC67-4BE4-B485-883520668295}.Release|Any CPU.Build.0 = Release|Any CPU
		{03160789-2EEB-49C2-90F8-055CC786F6B5}.Debug|Any CPU.ActiveCfg = Debug|Any CPU
		{03160789-2EEB-49C2-90F8-055CC786F6B5}.Debug|Any CPU.Build.0 = Debug|Any CPU
		{03160789-2EEB-49C2-90F8-055CC786F6B5}.Release|Any CPU.ActiveCfg = Release|Any CPU
		{03160789-2EEB-49C2-90F8-055CC786F6B5}.Release|Any CPU.Build.0 = Release|Any CPU
		{8445350D-E00D-4B1A-8598-F36EC798B5BA}.Debug|Any CPU.ActiveCfg = Debug|Any CPU
		{8445350D-E00D-4B1A-8598-F36EC798B5BA}.Debug|Any CPU.Build.0 = Debug|Any CPU
		{8445350D-E00D-4B1A-8598-F36EC798B5BA}.Release|Any CPU.ActiveCfg = Release|Any CPU
		{8445350D-E00D-4B1A-8598-F36EC798B5BA}.Release|Any CPU.Build.0 = Release|Any CPU
		{3E660B27-4C6B-4CA9-A6D9-A8ACB429C0FC}.Debug|Any CPU.ActiveCfg = Debug|Any CPU
		{3E660B27-4C6B-4CA9-A6D9-A8ACB429C0FC}.Debug|Any CPU.Build.0 = Debug|Any CPU
		{3E660B27-4C6B-4CA9-A6D9-A8ACB429C0FC}.Release|Any CPU.ActiveCfg = Release|Any CPU
		{3E660B27-4C6B-4CA9-A6D9-A8ACB429C0FC}.Release|Any CPU.Build.0 = Release|Any CPU
	EndGlobalSection
	GlobalSection(SolutionProperties) = preSolution
		HideSolutionNode = FALSE
	EndGlobalSection
	GlobalSection(ExtensibilityGlobals) = postSolution
		SolutionGuid = {B82EFB16-FE59-4B1A-9299-896D328B98D3}
	EndGlobalSection
EndGlobal
