
Microsoft Visual Studio Solution File, Format Version 12.00
# Visual Studio Version 16
VisualStudioVersion = 16.0.31624.102
MinimumVisualStudioVersion = 10.0.40219.1
Project("{FAE04EC0-301F-11D3-BF4B-00C04F79EFBC}") = "Exam02", "Exam02\Exam02.csproj", "{DE72EE4D-EEF9-4840-B90E-986F1CE505FB}"
EndProject
Project("{FAE04EC0-301F-11D3-BF4B-00C04F79EFBC}") = "Exam03", "Exam03\Exam03.csproj", "{4B050AA7-BAAB-4D1C-AB9A-DDF3502470F8}"
EndProject
Project("{FAE04EC0-301F-11D3-BF4B-00C04F79EFBC}") = "Exam04", "Exam04\Exam04.csproj", "{67FF9535-2D3A-41F2-982C-82B2F2C12482}"
EndProject
Project("{FAE04EC0-301F-11D3-BF4B-00C04F79EFBC}") = "Exam05", "Exam05\Exam05.csproj", "{3E6FBCEA-E75A-4D28-A6CD-7909A9D8FC2B}"
EndProject
Project("{FAE04EC0-301F-11D3-BF4B-00C04F79EFBC}") = "Exam06", "Exam06\Exam06.csproj", "{3B221ED8-196B-49C6-92CB-58DDB318B786}"
EndProject
Project("{FAE04EC0-301F-11D3-BF4B-00C04F79EFBC}") = "Exam07", "Exam07\Exam07.csproj", "{252F8477-CE6A-4F15-915B-24A3C292BC92}"
EndProject
Project("{FAE04EC0-301F-11D3-BF4B-00C04F79EFBC}") = "Exam08", "Exam08\Exam08.csproj", "{2013B2C9-F61E-4346-99FF-4F6AD7C35E4B}"
EndProject
Project("{FAE04EC0-301F-11D3-BF4B-00C04F79EFBC}") = "Exam09", "Exam09\Exam09.csproj", "{5448D841-E198-43EC-8CF9-A09461395087}"
EndProject
Project("{FAE04EC0-301F-11D3-BF4B-00C04F79EFBC}") = "Exam10", "Exam10\Exam10.csproj", "{1A386DF8-0177-4FA7-9EB4-7DF7505F27C6}"
EndProject
Project("{FAE04EC0-301F-11D3-BF4B-00C04F79EFBC}") = "Exam11", "Exam11\Exam11.csproj", "{64352481-137C-494C-9903-0E25B11E7151}"
EndProject
Project("{FAE04EC0-301F-11D3-BF4B-00C04F79EFBC}") = "Exam12", "Exam12\Exam12.csproj", "{4491B101-1664-4A72-B302-1971B8AF0751}"
EndProject
Project("{FAE04EC0-301F-11D3-BF4B-00C04F79EFBC}") = "Exam13", "Exam13\Exam13.csproj", "{599C93FB-E956-461C-A0FA-4CE918485C70}"
EndProject
Project("{FAE04EC0-301F-11D3-BF4B-00C04F79EFBC}") = "Exam14", "Exam14\Exam14.csproj", "{598CE386-37AE-4693-A598-F43E0467F9B0}"
EndProject
Project("{FAE04EC0-301F-11D3-BF4B-00C04F79EFBC}") = "Exam15", "Exam15\Exam15.csproj", "{6C3ED2E1-E41D-4D2C-B461-1CF581E43B09}"
EndProject
Global
	GlobalSection(SolutionConfigurationPlatforms) = preSolution
		Debug|Any CPU = Debug|Any CPU
		Release|Any CPU = Release|Any CPU
	EndGlobalSection
	GlobalSection(ProjectConfigurationPlatforms) = postSolution
		{DE72EE4D-EEF9-4840-B90E-986F1CE505FB}.Debug|Any CPU.ActiveCfg = Debug|Any CPU
		{DE72EE4D-EEF9-4840-B90E-986F1CE505FB}.Debug|Any CPU.Build.0 = Debug|Any CPU
		{DE72EE4D-EEF9-4840-B90E-986F1CE505FB}.Release|Any CPU.ActiveCfg = Release|Any CPU
		{DE72EE4D-EEF9-4840-B90E-986F1CE505FB}.Release|Any CPU.Build.0 = Release|Any CPU
		{4B050AA7-BAAB-4D1C-AB9A-DDF3502470F8}.Debug|Any CPU.ActiveCfg = Debug|Any CPU
		{4B050AA7-BAAB-4D1C-AB9A-DDF3502470F8}.Debug|Any CPU.Build.0 = Debug|Any CPU
		{4B050AA7-BAAB-4D1C-AB9A-DDF3502470F8}.Release|Any CPU.ActiveCfg = Release|Any CPU
		{4B050AA7-BAAB-4D1C-AB9A-DDF3502470F8}.Release|Any CPU.Build.0 = Release|Any CPU
		{67FF9535-2D3A-41F2-982C-82B2F2C12482}.Debug|Any CPU.ActiveCfg = Debug|Any CPU
		{67FF9535-2D3A-41F2-982C-82B2F2C12482}.Debug|Any CPU.Build.0 = Debug|Any CPU
		{67FF9535-2D3A-41F2-982C-82B2F2C12482}.Release|Any CPU.ActiveCfg = Release|Any CPU
		{67FF9535-2D3A-41F2-982C-82B2F2C12482}.Release|Any CPU.Build.0 = Release|Any CPU
		{3E6FBCEA-E75A-4D28-A6CD-7909A9D8FC2B}.Debug|Any CPU.ActiveCfg = Debug|Any CPU
		{3E6FBCEA-E75A-4D28-A6CD-7909A9D8FC2B}.Debug|Any CPU.Build.0 = Debug|Any CPU
		{3E6FBCEA-E75A-4D28-A6CD-7909A9D8FC2B}.Release|Any CPU.ActiveCfg = Release|Any CPU
		{3E6FBCEA-E75A-4D28-A6CD-7909A9D8FC2B}.Release|Any CPU.Build.0 = Release|Any CPU
		{3B221ED8-196B-49C6-92CB-58DDB318B786}.Debug|Any CPU.ActiveCfg = Debug|Any CPU
		{3B221ED8-196B-49C6-92CB-58DDB318B786}.Debug|Any CPU.Build.0 = Debug|Any CPU
		{3B221ED8-196B-49C6-92CB-58DDB318B786}.Release|Any CPU.ActiveCfg = Release|Any CPU
		{3B221ED8-196B-49C6-92CB-58DDB318B786}.Release|Any CPU.Build.0 = Release|Any CPU
		{252F8477-CE6A-4F15-915B-24A3C292BC92}.Debug|Any CPU.ActiveCfg = Debug|Any CPU
		{252F8477-CE6A-4F15-915B-24A3C292BC92}.Debug|Any CPU.Build.0 = Debug|Any CPU
		{252F8477-CE6A-4F15-915B-24A3C292BC92}.Release|Any CPU.ActiveCfg = Release|Any CPU
		{252F8477-CE6A-4F15-915B-24A3C292BC92}.Release|Any CPU.Build.0 = Release|Any CPU
		{2013B2C9-F61E-4346-99FF-4F6AD7C35E4B}.Debug|Any CPU.ActiveCfg = Debug|Any CPU
		{2013B2C9-F61E-4346-99FF-4F6AD7C35E4B}.Debug|Any CPU.Build.0 = Debug|Any CPU
		{2013B2C9-F61E-4346-99FF-4F6AD7C35E4B}.Release|Any CPU.ActiveCfg = Release|Any CPU
		{2013B2C9-F61E-4346-99FF-4F6AD7C35E4B}.Release|Any CPU.Build.0 = Release|Any CPU
		{5448D841-E198-43EC-8CF9-A09461395087}.Debug|Any CPU.ActiveCfg = Debug|Any CPU
		{5448D841-E198-43EC-8CF9-A09461395087}.Debug|Any CPU.Build.0 = Debug|Any CPU
		{5448D841-E198-43EC-8CF9-A09461395087}.Release|Any CPU.ActiveCfg = Release|Any CPU
		{5448D841-E198-43EC-8CF9-A09461395087}.Release|Any CPU.Build.0 = Release|Any CPU
		{1A386DF8-0177-4FA7-9EB4-7DF7505F27C6}.Debug|Any CPU.ActiveCfg = Debug|Any CPU
		{1A386DF8-0177-4FA7-9EB4-7DF7505F27C6}.Debug|Any CPU.Build.0 = Debug|Any CPU
		{1A386DF8-0177-4FA7-9EB4-7DF7505F27C6}.Release|Any CPU.ActiveCfg = Release|Any CPU
		{1A386DF8-0177-4FA7-9EB4-7DF7505F27C6}.Release|Any CPU.Build.0 = Release|Any CPU
		{64352481-137C-494C-9903-0E25B11E7151}.Debug|Any CPU.ActiveCfg = Debug|Any CPU
		{64352481-137C-494C-9903-0E25B11E7151}.Debug|Any CPU.Build.0 = Debug|Any CPU
		{64352481-137C-494C-9903-0E25B11E7151}.Release|Any CPU.ActiveCfg = Release|Any CPU
		{64352481-137C-494C-9903-0E25B11E7151}.Release|Any CPU.Build.0 = Release|Any CPU
		{4491B101-1664-4A72-B302-1971B8AF0751}.Debug|Any CPU.ActiveCfg = Debug|Any CPU
		{4491B101-1664-4A72-B302-1971B8AF0751}.Debug|Any CPU.Build.0 = Debug|Any CPU
		{4491B101-1664-4A72-B302-1971B8AF0751}.Release|Any CPU.ActiveCfg = Release|Any CPU
		{4491B101-1664-4A72-B302-1971B8AF0751}.Release|Any CPU.Build.0 = Release|Any CPU
		{599C93FB-E956-461C-A0FA-4CE918485C70}.Debug|Any CPU.ActiveCfg = Debug|Any CPU
		{599C93FB-E956-461C-A0FA-4CE918485C70}.Debug|Any CPU.Build.0 = Debug|Any CPU
		{599C93FB-E956-461C-A0FA-4CE918485C70}.Release|Any CPU.ActiveCfg = Release|Any CPU
		{599C93FB-E956-461C-A0FA-4CE918485C70}.Release|Any CPU.Build.0 = Release|Any CPU
		{598CE386-37AE-4693-A598-F43E0467F9B0}.Debug|Any CPU.ActiveCfg = Debug|Any CPU
		{598CE386-37AE-4693-A598-F43E0467F9B0}.Debug|Any CPU.Build.0 = Debug|Any CPU
		{598CE386-37AE-4693-A598-F43E0467F9B0}.Release|Any CPU.ActiveCfg = Release|Any CPU
		{598CE386-37AE-4693-A598-F43E0467F9B0}.Release|Any CPU.Build.0 = Release|Any CPU
		{6C3ED2E1-E41D-4D2C-B461-1CF581E43B09}.Debug|Any CPU.ActiveCfg = Debug|Any CPU
		{6C3ED2E1-E41D-4D2C-B461-1CF581E43B09}.Debug|Any CPU.Build.0 = Debug|Any CPU
		{6C3ED2E1-E41D-4D2C-B461-1CF581E43B09}.Release|Any CPU.ActiveCfg = Release|Any CPU
		{6C3ED2E1-E41D-4D2C-B461-1CF581E43B09}.Release|Any CPU.Build.0 = Release|Any CPU
	EndGlobalSection
	GlobalSection(SolutionProperties) = preSolution
		HideSolutionNode = FALSE
	EndGlobalSection
	GlobalSection(ExtensibilityGlobals) = postSolution
		SolutionGuid = {4275B733-1D44-437E-8639-262835BB9769}
	EndGlobalSection
EndGlobal
